{
  "name": "firebase-jwt-verifier",
  "version": "0.1.0",
  "lockfileVersion": 1,
  "requires": true,
  "dependencies": {
    "jwt-simple": {
      "version": "0.5.5",
      "resolved": "https://registry.npmjs.org/jwt-simple/-/jwt-simple-0.5.5.tgz",
      "integrity": "sha512-KEyanRIDHooo8KuBxY3CC019NbwHtxdsxzRJUfaGqcxMrvBPBkosN+RUxx1nZFI6yrErq3KTW8HI/qrNIxHe0g=="
    },
    "readline": {
      "version": "1.3.0",
      "resolved": "https://registry.npmjs.org/readline/-/readline-1.3.0.tgz",
      "integrity": "sha1-xYDXfvLPyHUrEySYBg3JeTp6wBw=",
      "dev": true
    }
  }
}
